
Microsoft Visual Studio Solution File, Format Version 12.00
# Visual Studio Version 17
VisualStudioVersion = 17.12.35707.178
MinimumVisualStudioVersion = 10.0.40219.1
Project("{FAE04EC0-301F-11D3-BF4B-00C04F79EFBC}") = "Ragnor Fitness Arena", "Ragnor Fitness Arena\Ragnor Fitness Arena.csproj", "{CFB641B5-E115-463D-AB57-1AE425924A7B}"
EndProject
Project("{2150E333-8FDC-42A3-9474-1A3956D46DE8}") = "Solution Items", "Solution Items", "{E4B4374A-75FD-4B69-9450-88C757E10369}"
EndProject
Global
	GlobalSection(SolutionConfigurationPlatforms) = preSolution
		Debug|Any CPU = Debug|Any CPU
		Release|Any CPU = Release|Any CPU
	EndGlobalSection
	GlobalSection(ProjectConfigurationPlatforms) = postSolution
		{CFB641B5-E115-463D-AB57-1AE425924A7B}.Debug|Any CPU.ActiveCfg = Debug|Any CPU
		{CFB641B5-E115-463D-AB57-1AE425924A7B}.Debug|Any CPU.Build.0 = Debug|Any CPU
		{CFB641B5-E115-463D-AB57-1AE425924A7B}.Release|Any CPU.ActiveCfg = Release|Any CPU
		{CFB641B5-E115-463D-AB57-1AE425924A7B}.Release|Any CPU.Build.0 = Release|Any CPU
	EndGlobalSection
	GlobalSection(SolutionProperties) = preSolution
		HideSolutionNode = FALSE
	EndGlobalSection
EndGlobal
